
Microsoft Visual Studio Solution File, Format Version 12.00
# Visual Studio Version 17
VisualStudioVersion = 17.2.32602.215
MinimumVisualStudioVersion = 10.0.40219.1
Project("{9A19103F-16F7-4668-BE54-9A1E7A4F7556}") = "SFA.DAS.Reservations.Functions.RefreshCourse", "SFA.DAS.Reservations.Functions.RefreshCourse\SFA.DAS.Reservations.Functions.RefreshCourse.csproj", "{4C1C3154-C08B-42EB-8456-1565C8B6EAC4}"
EndProject
Project("{2150E333-8FDC-42A3-9474-1A3956D46DE8}") = "Functions", "Functions", "{7BA3397A-01E4-454C-A282-A09F402764CE}"
EndProject
Project("{9A19103F-16F7-4668-BE54-9A1E7A4F7556}") = "SFA.DAS.Reservations.Domain", "SFA.DAS.Reservations.Domain\SFA.DAS.Reservations.Domain.csproj", "{0149975C-7EAA-46BC-9115-3F2799777C39}"
EndProject
Project("{9A19103F-16F7-4668-BE54-9A1E7A4F7556}") = "SFA.DAS.Reservations.Application", "SFA.DAS.Reservations.Application\SFA.DAS.Reservations.Application.csproj", "{D7313143-6B2B-41AB-8E09-7260A0CA68B9}"
EndProject
Project("{2150E333-8FDC-42A3-9474-1A3956D46DE8}") = "Tests", "Tests", "{3289F558-BCE4-4DE9-9046-620AA212BE65}"
EndProject
Project("{9A19103F-16F7-4668-BE54-9A1E7A4F7556}") = "SFA.DAS.Reservations.Application.UnitTests", "SFA.DAS.Reservations.Application.UnitTests\SFA.DAS.Reservations.Application.UnitTests.csproj", "{9476B291-82C3-4BB4-9984-55C77B8A70FC}"
EndProject
Project("{9A19103F-16F7-4668-BE54-9A1E7A4F7556}") = "SFA.DAS.Reservations.Infrastructure", "SFA.DAS.Reservations.Infrastructure\SFA.DAS.Reservations.Infrastructure.csproj", "{28F4CF94-BA5C-4C92-AD4E-BAEDA4EC57C8}"
EndProject
Project("{9A19103F-16F7-4668-BE54-9A1E7A4F7556}") = "SFA.DAS.Reservations.Data", "SFA.DAS.Reservations.Data\SFA.DAS.Reservations.Data.csproj", "{CE7225DF-069E-4C16-AC1A-23764ADC5312}"
EndProject
Project("{9A19103F-16F7-4668-BE54-9A1E7A4F7556}") = "SFA.DAS.Reservations.Data.UnitTests", "SFA.DAS.Reservations.Data.UnitTests\SFA.DAS.Reservations.Data.UnitTests.csproj", "{0C9AB9AB-E2A9-4333-BEC9-567F65074DB2}"
EndProject
Project("{9A19103F-16F7-4668-BE54-9A1E7A4F7556}") = "SFA.DAS.Reservations.Functions.Reservations", "SFA.DAS.Reservations.Functions.Reservations\SFA.DAS.Reservations.Functions.Reservations.csproj", "{3C2462BD-D98D-4DD5-91D7-2B523F6B85A8}"
EndProject
Project("{9A19103F-16F7-4668-BE54-9A1E7A4F7556}") = "SFA.DAS.Reservations.TestConsole", "SFA.DAS.Reservations.TestConsole\SFA.DAS.Reservations.TestConsole.csproj", "{BF89F0DC-DBFC-4335-A2F0-52F6DED37D2B}"
EndProject
Project("{9A19103F-16F7-4668-BE54-9A1E7A4F7556}") = "SFA.DAS.Reservations.Functions.LegalEntities", "SFA.DAS.Reservations.Functions.LegalEntities\SFA.DAS.Reservations.Functions.LegalEntities.csproj", "{EB580E13-D8D0-43B2-B3E0-1E66BA547D83}"
EndProject
Project("{9A19103F-16F7-4668-BE54-9A1E7A4F7556}") = "SFA.DAS.Reservations.Functions.LegalEntities.UnitTests", "SFA.DAS.Reservations.Functions.LegalEntities.UnitTests\SFA.DAS.Reservations.Functions.LegalEntities.UnitTests.csproj", "{629D2700-19D7-4BC8-82F2-FD2FC6D7297E}"
EndProject
Project("{9A19103F-16F7-4668-BE54-9A1E7A4F7556}") = "SFA.DAS.Reservations.Functions.Reservations.UnitTests", "SFA.DAS.Reservations.Functions.Reservations.UnitTests\SFA.DAS.Reservations.Functions.Reservations.UnitTests.csproj", "{84F5FC70-32BC-4202-A991-97CD10521E49}"
EndProject
Project("{9A19103F-16F7-4668-BE54-9A1E7A4F7556}") = "SFA.DAS.Reservations.Functions.ReservationIndex.UnitTests", "SFA.DAS.Reservations.Functions.ReservationIndex.UnitTests\SFA.DAS.Reservations.Functions.ReservationIndex.UnitTests.csproj", "{6715DAD6-FAA5-4FB3-968D-6A97DFDB58D4}"
EndProject
Project("{9A19103F-16F7-4668-BE54-9A1E7A4F7556}") = "SFA.DAS.Reservations.Functions.ProviderPermission", "SFA.DAS.Reservations.Functions.ProviderPermission\SFA.DAS.Reservations.Functions.ProviderPermission.csproj", "{45763277-941D-4464-98AC-42449111E61E}"
EndProject
Project("{9A19103F-16F7-4668-BE54-9A1E7A4F7556}") = "SFA.DAS.Reservations.Domain.UnitTests", "SFA.DAS.Reservations.Domain.UnitTests\SFA.DAS.Reservations.Domain.UnitTests.csproj", "{76607543-0043-4A09-84A1-DC26C7DBA9DB}"
EndProject
Project("{2150E333-8FDC-42A3-9474-1A3956D46DE8}") = "Solution Items", "Solution Items", "{81655BC0-704C-43A8-AE46-8C68365828F2}"
	ProjectSection(SolutionItems) = preProject
		.editorconfig = .editorconfig
	EndProjectSection
EndProject
Project("{9A19103F-16F7-4668-BE54-9A1E7A4F7556}") = "SFA.DAS.Reservations.Functions.ProviderPermission.UnitTests", "SFA.DAS.Reservations.Functions.ProviderPermission.UnitTests\SFA.DAS.Reservations.Functions.ProviderPermission.UnitTests.csproj", "{60FB02DE-91BC-4DF7-8177-1A2949ED6F9E}"
EndProject
Project("{9A19103F-16F7-4668-BE54-9A1E7A4F7556}") = "SFA.DAS.Reservations.Functions.Reservations.AcceptanceTests", "SFA.DAS.Reservations.Functions.Reservations.AcceptanceTests\SFA.DAS.Reservations.Functions.Reservations.AcceptanceTests.csproj", "{B3C127F3-A32A-40A1-B8F8-A98B92225115}"
EndProject
Project("{2150E333-8FDC-42A3-9474-1A3956D46DE8}") = "Acceptance Tests", "Acceptance Tests", "{190DBE90-77C7-4193-AFA3-E37C611AC5B8}"
EndProject
Project("{9A19103F-16F7-4668-BE54-9A1E7A4F7556}") = "SFA.DAS.Reservations.Functions.LegalEntities.AcceptanceTests", "SFA.DAS.Reservations.Functions.LegalEntities.AcceptanceTests\SFA.DAS.Reservations.Functions.LegalEntities.AcceptanceTests.csproj", "{FF78182F-6622-41ED-85B5-1A05FEC99CA2}"
EndProject
Project("{9A19103F-16F7-4668-BE54-9A1E7A4F7556}") = "SFA.DAS.Reservations.Infrastructure.UnitTests", "SFA.DAS.Reservations.Infrastructure.UnitTests\SFA.DAS.Reservations.Infrastructure.UnitTests.csproj", "{EA09F4D9-3B2F-4FA2-BE8C-C4C00B1E9582}"
EndProject
Project("{9A19103F-16F7-4668-BE54-9A1E7A4F7556}") = "SFA.DAS.Reservations.Functions.ReservationIndex", "SFA.DAS.Reservations.Functions.ReservationIndex\SFA.DAS.Reservations.Functions.ReservationIndex.csproj", "{E46455CA-8BDB-41E4-A25D-037D2E8951E5}"
EndProject
Project("{9A19103F-16F7-4668-BE54-9A1E7A4F7556}") = "SFA.DAS.EmployerFinance.Messages", "SFA.DAS.EmployerFinance.Messages\SFA.DAS.EmployerFinance.Messages.csproj", "{7EBB4A82-E42A-48D1-8FC3-CC7E8D3F7402}"
EndProject
Global
	GlobalSection(SolutionConfigurationPlatforms) = preSolution
		Debug|Any CPU = Debug|Any CPU
		Release|Any CPU = Release|Any CPU
	EndGlobalSection
	GlobalSection(ProjectConfigurationPlatforms) = postSolution
		{4C1C3154-C08B-42EB-8456-1565C8B6EAC4}.Debug|Any CPU.ActiveCfg = Debug|Any CPU
		{4C1C3154-C08B-42EB-8456-1565C8B6EAC4}.Debug|Any CPU.Build.0 = Debug|Any CPU
		{4C1C3154-C08B-42EB-8456-1565C8B6EAC4}.Release|Any CPU.ActiveCfg = Release|Any CPU
		{4C1C3154-C08B-42EB-8456-1565C8B6EAC4}.Release|Any CPU.Build.0 = Release|Any CPU
		{0149975C-7EAA-46BC-9115-3F2799777C39}.Debug|Any CPU.ActiveCfg = Debug|Any CPU
		{0149975C-7EAA-46BC-9115-3F2799777C39}.Debug|Any CPU.Build.0 = Debug|Any CPU
		{0149975C-7EAA-46BC-9115-3F2799777C39}.Release|Any CPU.ActiveCfg = Release|Any CPU
		{0149975C-7EAA-46BC-9115-3F2799777C39}.Release|Any CPU.Build.0 = Release|Any CPU
		{D7313143-6B2B-41AB-8E09-7260A0CA68B9}.Debug|Any CPU.ActiveCfg = Debug|Any CPU
		{D7313143-6B2B-41AB-8E09-7260A0CA68B9}.Debug|Any CPU.Build.0 = Debug|Any CPU
		{D7313143-6B2B-41AB-8E09-7260A0CA68B9}.Release|Any CPU.ActiveCfg = Release|Any CPU
		{D7313143-6B2B-41AB-8E09-7260A0CA68B9}.Release|Any CPU.Build.0 = Release|Any CPU
		{9476B291-82C3-4BB4-9984-55C77B8A70FC}.Debug|Any CPU.ActiveCfg = Debug|Any CPU
		{9476B291-82C3-4BB4-9984-55C77B8A70FC}.Debug|Any CPU.Build.0 = Debug|Any CPU
		{9476B291-82C3-4BB4-9984-55C77B8A70FC}.Release|Any CPU.ActiveCfg = Release|Any CPU
		{9476B291-82C3-4BB4-9984-55C77B8A70FC}.Release|Any CPU.Build.0 = Release|Any CPU
		{28F4CF94-BA5C-4C92-AD4E-BAEDA4EC57C8}.Debug|Any CPU.ActiveCfg = Debug|Any CPU
		{28F4CF94-BA5C-4C92-AD4E-BAEDA4EC57C8}.Debug|Any CPU.Build.0 = Debug|Any CPU
		{28F4CF94-BA5C-4C92-AD4E-BAEDA4EC57C8}.Release|Any CPU.ActiveCfg = Release|Any CPU
		{28F4CF94-BA5C-4C92-AD4E-BAEDA4EC57C8}.Release|Any CPU.Build.0 = Release|Any CPU
		{CE7225DF-069E-4C16-AC1A-23764ADC5312}.Debug|Any CPU.ActiveCfg = Debug|Any CPU
		{CE7225DF-069E-4C16-AC1A-23764ADC5312}.Debug|Any CPU.Build.0 = Debug|Any CPU
		{CE7225DF-069E-4C16-AC1A-23764ADC5312}.Release|Any CPU.ActiveCfg = Release|Any CPU
		{CE7225DF-069E-4C16-AC1A-23764ADC5312}.Release|Any CPU.Build.0 = Release|Any CPU
		{0C9AB9AB-E2A9-4333-BEC9-567F65074DB2}.Debug|Any CPU.ActiveCfg = Debug|Any CPU
		{0C9AB9AB-E2A9-4333-BEC9-567F65074DB2}.Debug|Any CPU.Build.0 = Debug|Any CPU
		{0C9AB9AB-E2A9-4333-BEC9-567F65074DB2}.Release|Any CPU.ActiveCfg = Release|Any CPU
		{0C9AB9AB-E2A9-4333-BEC9-567F65074DB2}.Release|Any CPU.Build.0 = Release|Any CPU
		{3C2462BD-D98D-4DD5-91D7-2B523F6B85A8}.Debug|Any CPU.ActiveCfg = Debug|Any CPU
		{3C2462BD-D98D-4DD5-91D7-2B523F6B85A8}.Debug|Any CPU.Build.0 = Debug|Any CPU
		{3C2462BD-D98D-4DD5-91D7-2B523F6B85A8}.Release|Any CPU.ActiveCfg = Release|Any CPU
		{3C2462BD-D98D-4DD5-91D7-2B523F6B85A8}.Release|Any CPU.Build.0 = Release|Any CPU
		{BF89F0DC-DBFC-4335-A2F0-52F6DED37D2B}.Debug|Any CPU.ActiveCfg = Debug|Any CPU
		{BF89F0DC-DBFC-4335-A2F0-52F6DED37D2B}.Debug|Any CPU.Build.0 = Debug|Any CPU
		{BF89F0DC-DBFC-4335-A2F0-52F6DED37D2B}.Release|Any CPU.ActiveCfg = Release|Any CPU
		{BF89F0DC-DBFC-4335-A2F0-52F6DED37D2B}.Release|Any CPU.Build.0 = Release|Any CPU
		{EB580E13-D8D0-43B2-B3E0-1E66BA547D83}.Debug|Any CPU.ActiveCfg = Debug|Any CPU
		{EB580E13-D8D0-43B2-B3E0-1E66BA547D83}.Debug|Any CPU.Build.0 = Debug|Any CPU
		{EB580E13-D8D0-43B2-B3E0-1E66BA547D83}.Release|Any CPU.ActiveCfg = Release|Any CPU
		{EB580E13-D8D0-43B2-B3E0-1E66BA547D83}.Release|Any CPU.Build.0 = Release|Any CPU
		{629D2700-19D7-4BC8-82F2-FD2FC6D7297E}.Debug|Any CPU.ActiveCfg = Debug|Any CPU
		{629D2700-19D7-4BC8-82F2-FD2FC6D7297E}.Debug|Any CPU.Build.0 = Debug|Any CPU
		{629D2700-19D7-4BC8-82F2-FD2FC6D7297E}.Release|Any CPU.ActiveCfg = Release|Any CPU
		{629D2700-19D7-4BC8-82F2-FD2FC6D7297E}.Release|Any CPU.Build.0 = Release|Any CPU
		{84F5FC70-32BC-4202-A991-97CD10521E49}.Debug|Any CPU.ActiveCfg = Debug|Any CPU
		{84F5FC70-32BC-4202-A991-97CD10521E49}.Debug|Any CPU.Build.0 = Debug|Any CPU
		{84F5FC70-32BC-4202-A991-97CD10521E49}.Release|Any CPU.ActiveCfg = Release|Any CPU
		{84F5FC70-32BC-4202-A991-97CD10521E49}.Release|Any CPU.Build.0 = Release|Any CPU
		{6715DAD6-FAA5-4FB3-968D-6A97DFDB58D4}.Debug|Any CPU.ActiveCfg = Debug|Any CPU
		{6715DAD6-FAA5-4FB3-968D-6A97DFDB58D4}.Debug|Any CPU.Build.0 = Debug|Any CPU
		{6715DAD6-FAA5-4FB3-968D-6A97DFDB58D4}.Release|Any CPU.ActiveCfg = Release|Any CPU
		{6715DAD6-FAA5-4FB3-968D-6A97DFDB58D4}.Release|Any CPU.Build.0 = Release|Any CPU
		{45763277-941D-4464-98AC-42449111E61E}.Debug|Any CPU.ActiveCfg = Debug|Any CPU
		{45763277-941D-4464-98AC-42449111E61E}.Debug|Any CPU.Build.0 = Debug|Any CPU
		{45763277-941D-4464-98AC-42449111E61E}.Release|Any CPU.ActiveCfg = Release|Any CPU
		{45763277-941D-4464-98AC-42449111E61E}.Release|Any CPU.Build.0 = Release|Any CPU
		{76607543-0043-4A09-84A1-DC26C7DBA9DB}.Debug|Any CPU.ActiveCfg = Debug|Any CPU
		{76607543-0043-4A09-84A1-DC26C7DBA9DB}.Debug|Any CPU.Build.0 = Debug|Any CPU
		{76607543-0043-4A09-84A1-DC26C7DBA9DB}.Release|Any CPU.ActiveCfg = Release|Any CPU
		{76607543-0043-4A09-84A1-DC26C7DBA9DB}.Release|Any CPU.Build.0 = Release|Any CPU
		{60FB02DE-91BC-4DF7-8177-1A2949ED6F9E}.Debug|Any CPU.ActiveCfg = Debug|Any CPU
		{60FB02DE-91BC-4DF7-8177-1A2949ED6F9E}.Debug|Any CPU.Build.0 = Debug|Any CPU
		{60FB02DE-91BC-4DF7-8177-1A2949ED6F9E}.Release|Any CPU.ActiveCfg = Release|Any CPU
		{60FB02DE-91BC-4DF7-8177-1A2949ED6F9E}.Release|Any CPU.Build.0 = Release|Any CPU
		{B3C127F3-A32A-40A1-B8F8-A98B92225115}.Debug|Any CPU.ActiveCfg = Debug|Any CPU
		{B3C127F3-A32A-40A1-B8F8-A98B92225115}.Debug|Any CPU.Build.0 = Debug|Any CPU
		{B3C127F3-A32A-40A1-B8F8-A98B92225115}.Release|Any CPU.ActiveCfg = Release|Any CPU
		{B3C127F3-A32A-40A1-B8F8-A98B92225115}.Release|Any CPU.Build.0 = Release|Any CPU
		{FF78182F-6622-41ED-85B5-1A05FEC99CA2}.Debug|Any CPU.ActiveCfg = Debug|Any CPU
		{FF78182F-6622-41ED-85B5-1A05FEC99CA2}.Debug|Any CPU.Build.0 = Debug|Any CPU
		{FF78182F-6622-41ED-85B5-1A05FEC99CA2}.Release|Any CPU.ActiveCfg = Release|Any CPU
		{FF78182F-6622-41ED-85B5-1A05FEC99CA2}.Release|Any CPU.Build.0 = Release|Any CPU
		{EA09F4D9-3B2F-4FA2-BE8C-C4C00B1E9582}.Debug|Any CPU.ActiveCfg = Debug|Any CPU
		{EA09F4D9-3B2F-4FA2-BE8C-C4C00B1E9582}.Debug|Any CPU.Build.0 = Debug|Any CPU
		{EA09F4D9-3B2F-4FA2-BE8C-C4C00B1E9582}.Release|Any CPU.ActiveCfg = Release|Any CPU
		{EA09F4D9-3B2F-4FA2-BE8C-C4C00B1E9582}.Release|Any CPU.Build.0 = Release|Any CPU
		{E46455CA-8BDB-41E4-A25D-037D2E8951E5}.Debug|Any CPU.ActiveCfg = Debug|Any CPU
		{E46455CA-8BDB-41E4-A25D-037D2E8951E5}.Debug|Any CPU.Build.0 = Debug|Any CPU
		{E46455CA-8BDB-41E4-A25D-037D2E8951E5}.Release|Any CPU.ActiveCfg = Release|Any CPU
		{E46455CA-8BDB-41E4-A25D-037D2E8951E5}.Release|Any CPU.Build.0 = Release|Any CPU
		{7EBB4A82-E42A-48D1-8FC3-CC7E8D3F7402}.Debug|Any CPU.ActiveCfg = Debug|Any CPU
		{7EBB4A82-E42A-48D1-8FC3-CC7E8D3F7402}.Debug|Any CPU.Build.0 = Debug|Any CPU
		{7EBB4A82-E42A-48D1-8FC3-CC7E8D3F7402}.Release|Any CPU.ActiveCfg = Release|Any CPU
		{7EBB4A82-E42A-48D1-8FC3-CC7E8D3F7402}.Release|Any CPU.Build.0 = Release|Any CPU
	EndGlobalSection
	GlobalSection(SolutionProperties) = preSolution
		HideSolutionNode = FALSE
	EndGlobalSection
	GlobalSection(NestedProjects) = preSolution
		{4C1C3154-C08B-42EB-8456-1565C8B6EAC4} = {7BA3397A-01E4-454C-A282-A09F402764CE}
		{9476B291-82C3-4BB4-9984-55C77B8A70FC} = {3289F558-BCE4-4DE9-9046-620AA212BE65}
		{0C9AB9AB-E2A9-4333-BEC9-567F65074DB2} = {3289F558-BCE4-4DE9-9046-620AA212BE65}
		{3C2462BD-D98D-4DD5-91D7-2B523F6B85A8} = {7BA3397A-01E4-454C-A282-A09F402764CE}
		{BF89F0DC-DBFC-4335-A2F0-52F6DED37D2B} = {3289F558-BCE4-4DE9-9046-620AA212BE65}
		{EB580E13-D8D0-43B2-B3E0-1E66BA547D83} = {7BA3397A-01E4-454C-A282-A09F402764CE}
		{629D2700-19D7-4BC8-82F2-FD2FC6D7297E} = {3289F558-BCE4-4DE9-9046-620AA212BE65}
		{84F5FC70-32BC-4202-A991-97CD10521E49} = {3289F558-BCE4-4DE9-9046-620AA212BE65}
		{6715DAD6-FAA5-4FB3-968D-6A97DFDB58D4} = {3289F558-BCE4-4DE9-9046-620AA212BE65}
		{45763277-941D-4464-98AC-42449111E61E} = {7BA3397A-01E4-454C-A282-A09F402764CE}
		{76607543-0043-4A09-84A1-DC26C7DBA9DB} = {3289F558-BCE4-4DE9-9046-620AA212BE65}
		{60FB02DE-91BC-4DF7-8177-1A2949ED6F9E} = {3289F558-BCE4-4DE9-9046-620AA212BE65}
		{B3C127F3-A32A-40A1-B8F8-A98B92225115} = {190DBE90-77C7-4193-AFA3-E37C611AC5B8}
		{FF78182F-6622-41ED-85B5-1A05FEC99CA2} = {190DBE90-77C7-4193-AFA3-E37C611AC5B8}
		{EA09F4D9-3B2F-4FA2-BE8C-C4C00B1E9582} = {3289F558-BCE4-4DE9-9046-620AA212BE65}
		{E46455CA-8BDB-41E4-A25D-037D2E8951E5} = {7BA3397A-01E4-454C-A282-A09F402764CE}
	EndGlobalSection
	GlobalSection(ExtensibilityGlobals) = postSolution
		SolutionGuid = {BD5A047B-5DB3-4BD8-89DF-94E5FE734FEC}
	EndGlobalSection
EndGlobal
